
Microsoft Visual Studio Solution File, Format Version 12.00
# Visual Studio Version 17
VisualStudioVersion = 17.0.31903.59
MinimumVisualStudioVersion = 10.0.40219.1
Project("{FAE04EC0-301F-11D3-BF4B-00C04F79EFBC}") = "InjectionVelocityIndicator", "src\InjectionVelocityIndicator\InjectionVelocityIndicator.csproj", "{63B4566A-A24C-44B2-A5A1-3B744E262294}"
EndProject
Project("{FAE04EC0-301F-11D3-BF4B-00C04F79EFBC}") = "InjectionVelocityIndicator.Tests", "tests\InjectionVelocityIndicator.Tests\InjectionVelocityIndicator.Tests.csproj", "{F4D2EA53-1A4E-4E3B-B5E4-19A0D920B69B}"
EndProject
Project("{FAE04EC0-301F-11D3-BF4B-00C04F79EFBC}") = "ManeuverOrbitJumper", "src\ManeuverOrbitJumper\ManeuverOrbitJumper.csproj", "{4E600A58-D077-4A66-922B-02B88F9B94B6}"
EndProject
Project("{FAE04EC0-301F-11D3-BF4B-00C04F79EFBC}") = "SimpleSplitter", "src\SimpleSplitter\SimpleSplitter.csproj", "{8FAAC4A4-4418-48E4-8B44-59F0462C6849}"
EndProject
Project("{FAE04EC0-301F-11D3-BF4B-00C04F79EFBC}") = "SimpleSplitter.Tests", "tests\SimpleSplitter.Tests\SimpleSplitter.Tests.csproj", "{DA0C29D8-A252-44A1-99CC-BA6C54CB1444}"
EndProject
Global
	GlobalSection(SolutionConfigurationPlatforms) = preSolution
		Debug|Any CPU = Debug|Any CPU
		Release|Any CPU = Release|Any CPU
	EndGlobalSection
	GlobalSection(ProjectConfigurationPlatforms) = postSolution
		{63B4566A-A24C-44B2-A5A1-3B744E262294}.Debug|Any CPU.ActiveCfg = Debug|Any CPU
		{63B4566A-A24C-44B2-A5A1-3B744E262294}.Debug|Any CPU.Build.0 = Debug|Any CPU
		{63B4566A-A24C-44B2-A5A1-3B744E262294}.Release|Any CPU.ActiveCfg = Release|Any CPU
		{63B4566A-A24C-44B2-A5A1-3B744E262294}.Release|Any CPU.Build.0 = Release|Any CPU
		{F4D2EA53-1A4E-4E3B-B5E4-19A0D920B69B}.Debug|Any CPU.ActiveCfg = Debug|Any CPU
		{F4D2EA53-1A4E-4E3B-B5E4-19A0D920B69B}.Debug|Any CPU.Build.0 = Debug|Any CPU
		{F4D2EA53-1A4E-4E3B-B5E4-19A0D920B69B}.Release|Any CPU.ActiveCfg = Release|Any CPU
		{F4D2EA53-1A4E-4E3B-B5E4-19A0D920B69B}.Release|Any CPU.Build.0 = Release|Any CPU
		{4E600A58-D077-4A66-922B-02B88F9B94B6}.Debug|Any CPU.ActiveCfg = Debug|Any CPU
		{4E600A58-D077-4A66-922B-02B88F9B94B6}.Debug|Any CPU.Build.0 = Debug|Any CPU
		{4E600A58-D077-4A66-922B-02B88F9B94B6}.Release|Any CPU.ActiveCfg = Release|Any CPU
		{4E600A58-D077-4A66-922B-02B88F9B94B6}.Release|Any CPU.Build.0 = Release|Any CPU
		{8FAAC4A4-4418-48E4-8B44-59F0462C6849}.Debug|Any CPU.ActiveCfg = Debug|Any CPU
		{8FAAC4A4-4418-48E4-8B44-59F0462C6849}.Debug|Any CPU.Build.0 = Debug|Any CPU
		{8FAAC4A4-4418-48E4-8B44-59F0462C6849}.Release|Any CPU.ActiveCfg = Release|Any CPU
		{8FAAC4A4-4418-48E4-8B44-59F0462C6849}.Release|Any CPU.Build.0 = Release|Any CPU
		{DA0C29D8-A252-44A1-99CC-BA6C54CB1444}.Debug|Any CPU.ActiveCfg = Debug|Any CPU
		{DA0C29D8-A252-44A1-99CC-BA6C54CB1444}.Debug|Any CPU.Build.0 = Debug|Any CPU
		{DA0C29D8-A252-44A1-99CC-BA6C54CB1444}.Release|Any CPU.ActiveCfg = Release|Any CPU
		{DA0C29D8-A252-44A1-99CC-BA6C54CB1444}.Release|Any CPU.Build.0 = Release|Any CPU
	EndGlobalSection
EndGlobal
